
Microsoft Visual Studio Solution File, Format Version 12.00
# Visual Studio 15
VisualStudioVersion = 15.0.27703.2035
MinimumVisualStudioVersion = 10.0.40219.1
Project("{9A19103F-16F7-4668-BE54-9A1E7A4F7556}") = "ISP", "ISP.csproj", "{575839EB-3208-49F7-8013-6CF4929904C6}"
EndProject
Global
	GlobalSection(SolutionConfigurationPlatforms) = preSolution
		Debug|Any CPU = Debug|Any CPU
		Release|Any CPU = Release|Any CPU
	EndGlobalSection
	GlobalSection(ProjectConfigurationPlatforms) = postSolution
		{575839EB-3208-49F7-8013-6CF4929904C6}.Debug|Any CPU.ActiveCfg = Debug|Any CPU
		{575839EB-3208-49F7-8013-6CF4929904C6}.Debug|Any CPU.Build.0 = Debug|Any CPU
		{575839EB-3208-49F7-8013-6CF4929904C6}.Release|Any CPU.ActiveCfg = Release|Any CPU
		{575839EB-3208-49F7-8013-6CF4929904C6}.Release|Any CPU.Build.0 = Release|Any CPU
	EndGlobalSection
	GlobalSection(SolutionProperties) = preSolution
		HideSolutionNode = FALSE
	EndGlobalSection
	GlobalSection(ExtensibilityGlobals) = postSolution
		SolutionGuid = {C25092C4-EDD9-4C0F-A619-D6BE926F4811}
	EndGlobalSection
EndGlobal
